{
    "name": "graphscript-node",
    "version": "0.3.4",
    "lockfileVersion": 3,
    "requires": true,
    "packages": {
        "": {
            "name": "graphscript-node",
            "version": "0.3.4",
            "license": "LGPL-3.0-or-later",
            "dependencies": {
                "better-sse": "~0.10.0",
                "brainsatplay-math": "~0.1.0",
                "bson-objectid": "~2.0.3",
                "graphscript-core": "^0.3.4",
                "graphscript-router": "^0.3.13",
                "web-worker": "~1.2.0",
                "ws": "~8.14.2"
            },
            "devDependencies": {
                "@types/node": "~18.7.15",
                "@types/ws": "^8.5.3"
            }
        },
        "node_modules/@types/node": {
            "version": "18.7.23",
            "resolved": "https://registry.npmjs.org/@types/node/-/node-18.7.23.tgz",
            "integrity": "sha512-DWNcCHolDq0ZKGizjx2DZjR/PqsYwAcYUJmfMWqtVU2MBMG5Mo+xFZrhGId5r/O5HOuMPyQEcM6KUBp5lBZZBg==",
            "dev": true
        },
        "node_modules/@types/ws": {
            "version": "8.5.10",
            "resolved": "https://registry.npmjs.org/@types/ws/-/ws-8.5.10.tgz",
            "integrity": "sha512-vmQSUcfalpIq0R9q7uTo2lXs6eGIpt9wtnLdMv9LVpIjCA/+ufZRozlVoVelIYixx1ugCBKDhn89vnsEGOCx9A==",
            "dev": true,
            "dependencies": {
                "@types/node": "*"
            }
        },
        "node_modules/better-sse": {
            "version": "0.10.0",
            "resolved": "https://registry.npmjs.org/better-sse/-/better-sse-0.10.0.tgz",
            "integrity": "sha512-gJr9OEI6YhBUg3vBQQuIvAAp1AEHdtHky1Vw8yG/0w8XEilftLcnHXaaHCLUopJd9sjT/DONPEnoh8W3oPk7LQ==",
            "engines": {
                "node": ">=12",
                "pnpm": ">=6"
            }
        },
        "node_modules/brainsatplay-math": {
            "version": "0.1.0",
            "resolved": "https://registry.npmjs.org/brainsatplay-math/-/brainsatplay-math-0.1.0.tgz",
            "integrity": "sha512-V95piSmlNtqf6vYXrhg/wu/IuTSQnM1jj5LXKHh68zVGYV9x2EEiR4TqcRMw3URbRHzME4DHkWNXJ1l2vwDhYg=="
        },
        "node_modules/bson-objectid": {
            "version": "2.0.4",
            "resolved": "https://registry.npmjs.org/bson-objectid/-/bson-objectid-2.0.4.tgz",
            "integrity": "sha512-vgnKAUzcDoa+AeyYwXCoHyF2q6u/8H46dxu5JN+4/TZeq/Dlinn0K6GvxsCLb3LHUJl0m/TLiEK31kUwtgocMQ=="
        },
        "node_modules/graphscript-core": {
            "version": "0.3.4",
            "resolved": "https://registry.npmjs.org/graphscript-core/-/graphscript-core-0.3.4.tgz",
            "integrity": "sha512-LCQvlu3ysEPNpRAhYKjHXGqTYxDMUeaA5GE7m8c6FOG/7i8TIwGcEz2dKVuyUnoRxMgafmywqV/NNXc+32LkNg=="
        },
        "node_modules/graphscript-router": {
            "version": "0.3.13",
            "resolved": "https://registry.npmjs.org/graphscript-router/-/graphscript-router-0.3.13.tgz",
            "integrity": "sha512-hqE2dKwn5VBhkTaShCjprUDxj/7Mesc7cPKckG31bHaV3f/QcACoE//OEPjLmS2OZTUogNjwLL52g2vB0V/Qvw==",
            "dependencies": {
                "graphscript-core": "~0.3.4"
            }
        },
        "node_modules/web-worker": {
            "version": "1.2.0",
            "resolved": "https://registry.npmjs.org/web-worker/-/web-worker-1.2.0.tgz",
            "integrity": "sha512-PgF341avzqyx60neE9DD+XS26MMNMoUQRz9NOZwW32nPQrF6p77f1htcnjBSEV8BGMKZ16choqUG4hyI0Hx7mA=="
        },
        "node_modules/ws": {
            "version": "8.14.2",
            "resolved": "https://registry.npmjs.org/ws/-/ws-8.14.2.tgz",
            "integrity": "sha512-wEBG1ftX4jcglPxgFCMJmZ2PLtSbJ2Peg6TmpJFTbe9GZYOQCDPdMYu/Tm0/bGZkw8paZnJY45J4K2PZrLYq8g==",
            "engines": {
                "node": ">=10.0.0"
            },
            "peerDependencies": {
                "bufferutil": "^4.0.1",
                "utf-8-validate": ">=5.0.2"
            },
            "peerDependenciesMeta": {
                "bufferutil": {
                    "optional": true
                },
                "utf-8-validate": {
                    "optional": true
                }
            }
        }
    }
}
